
Microsoft Visual Studio Solution File, Format Version 12.00
# Visual Studio Version 17
VisualStudioVersion = 17.1.32328.378
MinimumVisualStudioVersion = 10.0.40219.1
Project("{9092AA53-FB77-4645-B42D-1CCCA6BD08BD}") = "CodeChallenge2022", "CodeChallenge2022.njsproj", "{A3F99E21-E9DF-4CDD-BD7E-3B04455CCAE1}"
EndProject
Global
	GlobalSection(SolutionConfigurationPlatforms) = preSolution
		Debug|Any CPU = Debug|Any CPU
		Release|Any CPU = Release|Any CPU
	EndGlobalSection
	GlobalSection(ProjectConfigurationPlatforms) = postSolution
		{A3F99E21-E9DF-4CDD-BD7E-3B04455CCAE1}.Debug|Any CPU.ActiveCfg = Debug|Any CPU
		{A3F99E21-E9DF-4CDD-BD7E-3B04455CCAE1}.Debug|Any CPU.Build.0 = Debug|Any CPU
		{A3F99E21-E9DF-4CDD-BD7E-3B04455CCAE1}.Release|Any CPU.ActiveCfg = Release|Any CPU
		{A3F99E21-E9DF-4CDD-BD7E-3B04455CCAE1}.Release|Any CPU.Build.0 = Release|Any CPU
	EndGlobalSection
	GlobalSection(SolutionProperties) = preSolution
		HideSolutionNode = FALSE
	EndGlobalSection
	GlobalSection(ExtensibilityGlobals) = postSolution
		SolutionGuid = {865638BB-AC8F-4CCB-AB1C-874CA120BD21}
	EndGlobalSection
EndGlobal
